# This file is autogenerated, do not edit; changes may be undone by the next 'dep ensure'.


[[projects]]
  branch = "master"
  digest = "1:f69adc71f070a5da9b7abaaa50d819db313999bafee567c6c47ced38c5be66ad"
  name = "github.com/lxn/walk"
  packages = [
    ".",
    "declarative",
  ]
  pruneopts = "UT"
  revision = "86d8802c197a3a1f0f47abe2937bafb225ba1e9b"

[[projects]]
  branch = "master"
  digest = "1:6db4cd1571c2d383af114eba3e8409b60ee86c784aeba37cef724db5ad333617"
  name = "github.com/lxn/win"
  packages = ["."]
  pruneopts = "UT"
  revision = "9c04a4e8d0b8dd261f82ac35fb3d3d298c679d20"

[[projects]]
  branch = "master"
  digest = "1:1ed0196f0b3fcdc592c7deb8519aaa6176dae23c89cf2871d5d6a00874d50968"
  name = "golang.org/x/sys"
  packages = ["windows"]
  pruneopts = "UT"
  revision = "c5567b49c5d04a5f83870795b8c0e2df43a8ce32"

[[projects]]
  digest = "1:5d3e23515e7916c152cc665eda0f7eaf6fdf8fdfe7c3dbac97049bcbd649b33f"
  name = "gopkg.in/Knetic/govaluate.v3"
  packages = ["."]
  pruneopts = "UT"
  revision = "d216395917cc49052c7c7094cf57f09657ca08a8"
  version = "v3.0.0"

[solve-meta]
  analyzer-name = "dep"
  analyzer-version = 1
  input-imports = [
    "github.com/lxn/walk",
    "github.com/lxn/walk/declarative",
  ]
  solver-name = "gps-cdcl"
  solver-version = 1
